
Microsoft Visual Studio Solution File, Format Version 12.00
# Visual Studio 2013
VisualStudioVersion = 12.0.21005.1
MinimumVisualStudioVersion = 10.0.40219.1
Project("{FAE04EC0-301F-11D3-BF4B-00C04F79EFBC}") = "Web.AdCommand", "AdCommand\Web.AdCommand.csproj", "{1CFBC789-23CD-4BCE-B469-0595C9436DDE}"
EndProject
Project("{FAE04EC0-301F-11D3-BF4B-00C04F79EFBC}") = "Entities", "Entities\Entities.csproj", "{115EA618-3C51-42A3-98AD-8BEA7949779B}"
EndProject
Global
	GlobalSection(SolutionConfigurationPlatforms) = preSolution
		Debug|Any CPU = Debug|Any CPU
		Release|Any CPU = Release|Any CPU
	EndGlobalSection
	GlobalSection(ProjectConfigurationPlatforms) = postSolution
		{1CFBC789-23CD-4BCE-B469-0595C9436DDE}.Debug|Any CPU.ActiveCfg = Debug|Any CPU
		{1CFBC789-23CD-4BCE-B469-0595C9436DDE}.Debug|Any CPU.Build.0 = Debug|Any CPU
		{1CFBC789-23CD-4BCE-B469-0595C9436DDE}.Release|Any CPU.ActiveCfg = Release|Any CPU
		{1CFBC789-23CD-4BCE-B469-0595C9436DDE}.Release|Any CPU.Build.0 = Release|Any CPU
		{115EA618-3C51-42A3-98AD-8BEA7949779B}.Debug|Any CPU.ActiveCfg = Debug|Any CPU
		{115EA618-3C51-42A3-98AD-8BEA7949779B}.Debug|Any CPU.Build.0 = Debug|Any CPU
		{115EA618-3C51-42A3-98AD-8BEA7949779B}.Release|Any CPU.ActiveCfg = Release|Any CPU
		{115EA618-3C51-42A3-98AD-8BEA7949779B}.Release|Any CPU.Build.0 = Release|Any CPU
	EndGlobalSection
	GlobalSection(SolutionProperties) = preSolution
		HideSolutionNode = FALSE
	EndGlobalSection
EndGlobal
